
Microsoft Visual Studio Solution File, Format Version 12.00
# Visual Studio Version 17
VisualStudioVersion = 17.9.34728.123
MinimumVisualStudioVersion = 10.0.40219.1
Project("{FAE04EC0-301F-11D3-BF4B-00C04F79EFBC}") = "ProjectDog", "ProjectDog\ProjectDog.csproj", "{151E823E-5DD8-4960-B929-641E33551347}"
EndProject
Global
	GlobalSection(SolutionConfigurationPlatforms) = preSolution
		Debug|Any CPU = Debug|Any CPU
		Release|Any CPU = Release|Any CPU
	EndGlobalSection
	GlobalSection(ProjectConfigurationPlatforms) = postSolution
		{151E823E-5DD8-4960-B929-641E33551347}.Debug|Any CPU.ActiveCfg = Debug|Any CPU
		{151E823E-5DD8-4960-B929-641E33551347}.Debug|Any CPU.Build.0 = Debug|Any CPU
		{151E823E-5DD8-4960-B929-641E33551347}.Release|Any CPU.ActiveCfg = Release|Any CPU
		{151E823E-5DD8-4960-B929-641E33551347}.Release|Any CPU.Build.0 = Release|Any CPU
	EndGlobalSection
	GlobalSection(SolutionProperties) = preSolution
		HideSolutionNode = FALSE
	EndGlobalSection
	GlobalSection(ExtensibilityGlobals) = postSolution
		SolutionGuid = {E99142C6-0B3A-405C-BCEB-C488A2501363}
	EndGlobalSection
EndGlobal
